
Microsoft Visual Studio Solution File, Format Version 12.00
# Visual Studio 15
VisualStudioVersion = 15.0.26228.31
MinimumVisualStudioVersion = 10.0.40219.1
Project("{FAE04EC0-301F-11D3-BF4B-00C04F79EFBC}") = "WebApplication5", "WebApplication5\WebApplication5.csproj", "{064E4BF6-4B16-4AE6-8B7C-4C520BA4338C}"
EndProject
Global
	GlobalSection(SolutionConfigurationPlatforms) = preSolution
		Debug|Any CPU = Debug|Any CPU
		Release|Any CPU = Release|Any CPU
	EndGlobalSection
	GlobalSection(ProjectConfigurationPlatforms) = postSolution
		{064E4BF6-4B16-4AE6-8B7C-4C520BA4338C}.Debug|Any CPU.ActiveCfg = Debug|Any CPU
		{064E4BF6-4B16-4AE6-8B7C-4C520BA4338C}.Debug|Any CPU.Build.0 = Debug|Any CPU
		{064E4BF6-4B16-4AE6-8B7C-4C520BA4338C}.Release|Any CPU.ActiveCfg = Release|Any CPU
		{064E4BF6-4B16-4AE6-8B7C-4C520BA4338C}.Release|Any CPU.Build.0 = Release|Any CPU
	EndGlobalSection
	GlobalSection(SolutionProperties) = preSolution
		HideSolutionNode = FALSE
	EndGlobalSection
EndGlobal
